%{"cowboy": {:hex, :cowboy, "1.0.0"},
  "cowlib": {:hex, :cowlib, "1.0.0"},
  "linguist": {:hex, :linguist, "0.1.4"},
  "phoenix": {:git, "git://github.com/phoenixframework/phoenix.git", "547824da0a61d655920a3fa11d51df8eb921ca48", []},
  "plug": {:hex, :plug, "0.8.3"},
  "poison": {:hex, :poison, "1.2.0"},
  "ranch": {:hex, :ranch, "1.0.0"}}
